---
mruby:
  version: 3.0.0
  release_no: 30000
  git_commit: cf2e78de444eb124e9466e71befc358ec8bebf85
builds:
  host:
    https://github.com/iij/mruby-errno.git:
      url: https://github.com/iij/mruby-errno.git
      branch: HEAD
      commit: b4415207ff6ea62360619c89a1cff83259dc4db0
      version: 0.0.0
    https://github.com/Asmod4n/mruby-redis-ae.git:
      url: https://github.com/Asmod4n/mruby-redis-ae.git
      branch: HEAD
      commit: 757d41e01ba67e52d02efce665d8f4b19f6db8ad
      version: 0.0.0
